
Microsoft Visual Studio Solution File, Format Version 12.00
# Visual Studio Version 16
VisualStudioVersion = 16.0.31005.135
MinimumVisualStudioVersion = 10.0.40219.1
Project("{FAE04EC0-301F-11D3-BF4B-00C04F79EFBC}") = "OMIChecklist", "OMIChecklist.csproj", "{434405CD-709C-4C17-BD76-F121C3F1B591}"
EndProject
Global
	GlobalSection(SolutionConfigurationPlatforms) = preSolution
		Debug|Any CPU = Debug|Any CPU
		Release|Any CPU = Release|Any CPU
	EndGlobalSection
	GlobalSection(ProjectConfigurationPlatforms) = postSolution
		{434405CD-709C-4C17-BD76-F121C3F1B591}.Debug|Any CPU.ActiveCfg = Debug|Any CPU
		{434405CD-709C-4C17-BD76-F121C3F1B591}.Debug|Any CPU.Build.0 = Debug|Any CPU
		{434405CD-709C-4C17-BD76-F121C3F1B591}.Release|Any CPU.ActiveCfg = Release|Any CPU
		{434405CD-709C-4C17-BD76-F121C3F1B591}.Release|Any CPU.Build.0 = Release|Any CPU
	EndGlobalSection
	GlobalSection(SolutionProperties) = preSolution
		HideSolutionNode = FALSE
	EndGlobalSection
	GlobalSection(ExtensibilityGlobals) = postSolution
		SolutionGuid = {299C7FB2-D5FA-47A6-ACA9-2736A287E0D9}
	EndGlobalSection
EndGlobal
